
Microsoft Visual Studio Solution File, Format Version 12.00
# Visual Studio Version 17
VisualStudioVersion = 17.10.35122.118
MinimumVisualStudioVersion = 10.0.40219.1
Project("{FAE04EC0-301F-11D3-BF4B-00C04F79EFBC}") = "PrsWeb", "PrsWeb\PrsWeb.csproj", "{10D944BB-B017-4078-88BF-16FEA7F629D8}"
EndProject
Global
	GlobalSection(SolutionConfigurationPlatforms) = preSolution
		Debug|Any CPU = Debug|Any CPU
		Release|Any CPU = Release|Any CPU
	EndGlobalSection
	GlobalSection(ProjectConfigurationPlatforms) = postSolution
		{10D944BB-B017-4078-88BF-16FEA7F629D8}.Debug|Any CPU.ActiveCfg = Debug|Any CPU
		{10D944BB-B017-4078-88BF-16FEA7F629D8}.Debug|Any CPU.Build.0 = Debug|Any CPU
		{10D944BB-B017-4078-88BF-16FEA7F629D8}.Release|Any CPU.ActiveCfg = Release|Any CPU
		{10D944BB-B017-4078-88BF-16FEA7F629D8}.Release|Any CPU.Build.0 = Release|Any CPU
	EndGlobalSection
	GlobalSection(SolutionProperties) = preSolution
		HideSolutionNode = FALSE
	EndGlobalSection
	GlobalSection(ExtensibilityGlobals) = postSolution
		SolutionGuid = {4F504E46-50C5-4DC6-BA5E-60EE8E296963}
	EndGlobalSection
EndGlobal
