
Microsoft Visual Studio Solution File, Format Version 12.00
# Visual Studio Version 17
VisualStudioVersion = 17.10.35122.118
MinimumVisualStudioVersion = 10.0.40219.1
Project("{FAE04EC0-301F-11D3-BF4B-00C04F79EFBC}") = "bmdb-web-api-ef", "bmdb-web-api-ef\bmdb-web-api-ef.csproj", "{13C7435D-D60C-4AD4-B0C3-B8E89397CE1A}"
EndProject
Global
	GlobalSection(SolutionConfigurationPlatforms) = preSolution
		Debug|Any CPU = Debug|Any CPU
		Release|Any CPU = Release|Any CPU
	EndGlobalSection
	GlobalSection(ProjectConfigurationPlatforms) = postSolution
		{13C7435D-D60C-4AD4-B0C3-B8E89397CE1A}.Debug|Any CPU.ActiveCfg = Debug|Any CPU
		{13C7435D-D60C-4AD4-B0C3-B8E89397CE1A}.Debug|Any CPU.Build.0 = Debug|Any CPU
		{13C7435D-D60C-4AD4-B0C3-B8E89397CE1A}.Release|Any CPU.ActiveCfg = Release|Any CPU
		{13C7435D-D60C-4AD4-B0C3-B8E89397CE1A}.Release|Any CPU.Build.0 = Release|Any CPU
	EndGlobalSection
	GlobalSection(SolutionProperties) = preSolution
		HideSolutionNode = FALSE
	EndGlobalSection
	GlobalSection(ExtensibilityGlobals) = postSolution
		SolutionGuid = {31A8FA17-B5B6-4A7A-94BB-C78954336BA1}
	EndGlobalSection
EndGlobal
